{
  "name": "rescript-misskey",
  "version": "0.1.0",
  "lockfileVersion": 3,
  "requires": true,
  "packages": {
    "": {
      "name": "rescript-misskey",
      "version": "0.1.0",
      "license": "MIT",
      "dependencies": {
        "misskey-js": "^2026.1.0-beta.0"
      },
      "devDependencies": {
        "@rescript/core": "^1.6.1",
        "rescript": "^11.1.4"
      }
    },
    "node_modules/@rescript/core": {
      "version": "1.6.1",
      "resolved": "https://registry.npmjs.org/@rescript/core/-/core-1.6.1.tgz",
      "integrity": "sha512-vyb5k90ck+65Fgui+5vCja/mUfzKaK3kOPT4Z6aAJdHLH1eljEi1zKhXroCiCtpNLSWp8k4ulh1bdB5WS0hvqA==",
      "dev": true,
      "license": "MIT",
      "peerDependencies": {
        "rescript": ">=11.1.0"
      }
    },
    "node_modules/@simplewebauthn/types": {
      "version": "12.0.0",
      "resolved": "https://registry.npmjs.org/@simplewebauthn/types/-/types-12.0.0.tgz",
      "integrity": "sha512-q6y8MkoV8V8jB4zzp18Uyj2I7oFp2/ONL8c3j8uT06AOWu3cIChc1au71QYHrP2b+xDapkGTiv+9lX7xkTlAsA==",
      "deprecated": "Package no longer supported. Contact Support at https://www.npmjs.com/support for more info.",
      "license": "MIT"
    },
    "node_modules/eventemitter3": {
      "version": "5.0.1",
      "resolved": "https://registry.npmjs.org/eventemitter3/-/eventemitter3-5.0.1.tgz",
      "integrity": "sha512-GWkBvjiSZK87ELrYOSESUYeVIc9mvLLf/nXalMOS5dYrgZq9o5OVkbZAVM06CVxYsCwH9BDZFPlQTlPA1j4ahA==",
      "license": "MIT"
    },
    "node_modules/misskey-js": {
      "version": "2026.1.0-beta.0",
      "resolved": "https://registry.npmjs.org/misskey-js/-/misskey-js-2026.1.0-beta.0.tgz",
      "integrity": "sha512-0l+t0pgDwhgs13SxxzRnYLl+TlcCNw/0aoTi/4vg7zewf+wTjknhpmjrirHv7MFVeQWVz4V4BHKuqH0ntKrFRQ==",
      "license": "MIT",
      "dependencies": {
        "@simplewebauthn/types": "12.0.0",
        "eventemitter3": "5.0.1",
        "reconnecting-websocket": "4.4.0"
      }
    },
    "node_modules/reconnecting-websocket": {
      "version": "4.4.0",
      "resolved": "https://registry.npmjs.org/reconnecting-websocket/-/reconnecting-websocket-4.4.0.tgz",
      "integrity": "sha512-D2E33ceRPga0NvTDhJmphEgJ7FUYF0v4lr1ki0csq06OdlxKfugGzN0dSkxM/NfqCxYELK4KcaTOUOjTV6Dcng==",
      "license": "MIT"
    },
    "node_modules/rescript": {
      "version": "11.1.4",
      "resolved": "https://registry.npmjs.org/rescript/-/rescript-11.1.4.tgz",
      "integrity": "sha512-0bGU0bocihjSC6MsE3TMjHjY0EUpchyrREquLS8VsZ3ohSMD+VHUEwimEfB3kpBI1vYkw3UFZ3WD8R28guz/Vw==",
      "dev": true,
      "hasInstallScript": true,
      "license": "SEE LICENSE IN LICENSE",
      "bin": {
        "bsc": "bsc",
        "bstracing": "lib/bstracing",
        "rescript": "rescript"
      },
      "engines": {
        "node": ">=10"
      }
    }
  }
}
